
Microsoft Visual Studio Solution File, Format Version 12.00
# Visual Studio Version 16
VisualStudioVersion = 16.0.30011.22
MinimumVisualStudioVersion = 10.0.40219.1
Project("{FAE04EC0-301F-11D3-BF4B-00C04F79EFBC}") = "ChatProtocol", "..\ChatProtocol\ChatProtocol.csproj", "{2C827CF8-FA21-4017-8734-F5E474B7B399}"
EndProject
Project("{FAE04EC0-301F-11D3-BF4B-00C04F79EFBC}") = "ElcomChatClient", "..\ElcomChatClient\ElcomChatClient.csproj", "{EDBACD12-21F7-408C-8BD6-3DE3255D9600}"
EndProject
Project("{FAE04EC0-301F-11D3-BF4B-00C04F79EFBC}") = "ElcomChatServer", "..\ElcomChatServer\ElcomChatServer.csproj", "{F9083543-83F4-487D-8EDB-DBFDBB66FD30}"
EndProject
Project("{FAE04EC0-301F-11D3-BF4B-00C04F79EFBC}") = "ServerLogic", "..\ServerLogic\ServerLogic.csproj", "{6A684979-EBB6-408A-86E8-404065D2C628}"
EndProject
Project("{FAE04EC0-301F-11D3-BF4B-00C04F79EFBC}") = "ClientLogic", "..\ClientLogic\ClientLogic.csproj", "{C11C9CA9-50ED-43C4-851B-2102F49EE4B2}"
EndProject
Global
	GlobalSection(SolutionConfigurationPlatforms) = preSolution
		Debug|Any CPU = Debug|Any CPU
		Release|Any CPU = Release|Any CPU
	EndGlobalSection
	GlobalSection(ProjectConfigurationPlatforms) = postSolution
		{2C827CF8-FA21-4017-8734-F5E474B7B399}.Debug|Any CPU.ActiveCfg = Debug|Any CPU
		{2C827CF8-FA21-4017-8734-F5E474B7B399}.Debug|Any CPU.Build.0 = Debug|Any CPU
		{2C827CF8-FA21-4017-8734-F5E474B7B399}.Release|Any CPU.ActiveCfg = Release|Any CPU
		{2C827CF8-FA21-4017-8734-F5E474B7B399}.Release|Any CPU.Build.0 = Release|Any CPU
		{EDBACD12-21F7-408C-8BD6-3DE3255D9600}.Debug|Any CPU.ActiveCfg = Debug|Any CPU
		{EDBACD12-21F7-408C-8BD6-3DE3255D9600}.Debug|Any CPU.Build.0 = Debug|Any CPU
		{EDBACD12-21F7-408C-8BD6-3DE3255D9600}.Release|Any CPU.ActiveCfg = Release|Any CPU
		{EDBACD12-21F7-408C-8BD6-3DE3255D9600}.Release|Any CPU.Build.0 = Release|Any CPU
		{F9083543-83F4-487D-8EDB-DBFDBB66FD30}.Debug|Any CPU.ActiveCfg = Debug|Any CPU
		{F9083543-83F4-487D-8EDB-DBFDBB66FD30}.Debug|Any CPU.Build.0 = Debug|Any CPU
		{F9083543-83F4-487D-8EDB-DBFDBB66FD30}.Release|Any CPU.ActiveCfg = Release|Any CPU
		{F9083543-83F4-487D-8EDB-DBFDBB66FD30}.Release|Any CPU.Build.0 = Release|Any CPU
		{6A684979-EBB6-408A-86E8-404065D2C628}.Debug|Any CPU.ActiveCfg = Debug|Any CPU
		{6A684979-EBB6-408A-86E8-404065D2C628}.Debug|Any CPU.Build.0 = Debug|Any CPU
		{6A684979-EBB6-408A-86E8-404065D2C628}.Release|Any CPU.ActiveCfg = Release|Any CPU
		{6A684979-EBB6-408A-86E8-404065D2C628}.Release|Any CPU.Build.0 = Release|Any CPU
		{C11C9CA9-50ED-43C4-851B-2102F49EE4B2}.Debug|Any CPU.ActiveCfg = Debug|Any CPU
		{C11C9CA9-50ED-43C4-851B-2102F49EE4B2}.Debug|Any CPU.Build.0 = Debug|Any CPU
		{C11C9CA9-50ED-43C4-851B-2102F49EE4B2}.Release|Any CPU.ActiveCfg = Release|Any CPU
		{C11C9CA9-50ED-43C4-851B-2102F49EE4B2}.Release|Any CPU.Build.0 = Release|Any CPU
	EndGlobalSection
	GlobalSection(SolutionProperties) = preSolution
		HideSolutionNode = FALSE
	EndGlobalSection
	GlobalSection(ExtensibilityGlobals) = postSolution
		SolutionGuid = {B6943969-EFEA-45B1-981C-46A77485535F}
	EndGlobalSection
EndGlobal
